// !$*UTF8*$!
{
	archiveVersion = 1;
	classes = {
	};
	objectVersion = 50;
	objects = {

/* Begin PBXBuildFile section */
		6D4E9FC12504F33E00512BF5 /* AppDelegate.m in Sources */ = {isa = PBXBuildFile; fileRef = 6D4E9FC02504F33E00512BF5 /* AppDelegate.m */; };
		6D4E9FC42504F33E00512BF5 /* SceneDelegate.m in Sources */ = {isa = PBXBuildFile; fileRef = 6D4E9FC32504F33E00512BF5 /* SceneDelegate.m */; };
		6D4E9FCA2504F33E00512BF5 /* Main.storyboard in Resources */ = {isa = PBXBuildFile; fileRef = 6D4E9FC82504F33E00512BF5 /* Main.storyboard */; };
		6D4E9FCC2504F3E300512BF5 /* Assets.xcassets in Resources */ = {isa = PBXBuildFile; fileRef = 6D4E9FCB2504F3E300512BF5 /* Assets.xcassets */; };
		6D4E9FCF2504F3E300512BF5 /* LaunchScreen.storyboard in Resources */ = {isa = PBXBuildFile; fileRef = 6D4E9FCD2504F3E300512BF5 /* LaunchScreen.storyboard */; };
		6D4E9FD22504F3E300512BF5 /* main.m in Sources */ = {isa = PBXBuildFile; fileRef = 6D4E9FD12504F3E300512BF5 /* main.m */; };
		6D5CB522250511270070F24E /* MoviesTableViewController.m in Sources */ = {isa = PBXBuildFile; fileRef = 6D5CB521250511270070F24E /* MoviesTableViewController.m */; };
		F86AFCDCAE6170E25A10CEA8 /* libPods-JSONParsing.a in Frameworks */ = {isa = PBXBuildFile; fileRef = D8CF14ED97AC7E8325F87D35 /* libPods-JSONParsing.a */; };
/* End PBXBuildFile section */

/* Begin PBXFileReference section */
		3173293EDDF675CBF57BFA17 /* Pods-JSONParsing.debug.xcconfig */ = {isa = PBXFileReference; includeInIndex = 1; lastKnownFileType = text.xcconfig; name = "Pods-JSONParsing.debug.xcconfig"; path = "Target Support Files/Pods-JSONParsing/Pods-JSONParsing.debug.xcconfig"; sourceTree = "<group>"; };
		56A1100F605B6D08954B15BC /* Pods-JSONParsing.release.xcconfig */ = {isa = PBXFileReference; includeInIndex = 1; lastKnownFileType = text.xcconfig; name = "Pods-JSONParsing.release.xcconfig"; path = "Target Support Files/Pods-JSONParsing/Pods-JSONParsing.release.xcconfig"; sourceTree = "<group>"; };
		6D4E9FBC2504F33E00512BF5 /* JSONParsing.app */ = {isa = PBXFileReference; explicitFileType = wrapper.application; includeInIndex = 0; path = JSONParsing.app; sourceTree = BUILT_PRODUCTS_DIR; };
		6D4E9FBF2504F33E00512BF5 /* AppDelegate.h */ = {isa = PBXFileReference; lastKnownFileType = sourcecode.c.h; path = AppDelegate.h; sourceTree = "<group>"; };
		6D4E9FC02504F33E00512BF5 /* AppDelegate.m */ = {isa = PBXFileReference; lastKnownFileType = sourcecode.c.objc; path = AppDelegate.m; sourceTree = "<group>"; };
		6D4E9FC22504F33E00512BF5 /* SceneDelegate.h */ = {isa = PBXFileReference; lastKnownFileType = sourcecode.c.h; path = SceneDelegate.h; sourceTree = "<group>"; };
		6D4E9FC32504F33E00512BF5 /* SceneDelegate.m */ = {isa = PBXFileReference; lastKnownFileType = sourcecode.c.objc; path = SceneDelegate.m; sourceTree = "<group>"; };
		6D4E9FC92504F33E00512BF5 /* Base */ = {isa = PBXFileReference; lastKnownFileType = file.storyboard; name = Base; path = Base.lproj/Main.storyboard; sourceTree = "<group>"; };
		6D4E9FCB2504F3E300512BF5 /* Assets.xcassets */ = {isa = PBXFileReference; lastKnownFileType = folder.assetcatalog; path = Assets.xcassets; sourceTree = "<group>"; };
		6D4E9FCE2504F3E300512BF5 /* Base */ = {isa = PBXFileReference; lastKnownFileType = file.storyboard; name = Base; path = Base.lproj/LaunchScreen.storyboard; sourceTree = "<group>"; };
		6D4E9FD02504F3E300512BF5 /* Info.plist */ = {isa = PBXFileReference; lastKnownFileType = text.plist.xml; path = Info.plist; sourceTree = "<group>"; };
		6D4E9FD12504F3E300512BF5 /* main.m */ = {isa = PBXFileReference; lastKnownFileType = sourcecode.c.objc; path = main.m; sourceTree = "<group>"; };
		6D5CB520250511270070F24E /* MoviesTableViewController.h */ = {isa = PBXFileReference; lastKnownFileType = sourcecode.c.h; path = MoviesTableViewController.h; sourceTree = "<group>"; };
		6D5CB521250511270070F24E /* MoviesTableViewController.m */ = {isa = PBXFileReference; lastKnownFileType = sourcecode.c.objc; path = MoviesTableViewController.m; sourceTree = "<group>"; };
		D8CF14ED97AC7E8325F87D35 /* libPods-JSONParsing.a */ = {isa = PBXFileReference; explicitFileType = archive.ar; includeInIndex = 0; path = "libPods-JSONParsing.a"; sourceTree = BUILT_PRODUCTS_DIR; };
/* End PBXFileReference section */

/* Begin PBXFrameworksBuildPhase section */
		6D4E9FB92504F33E00512BF5 /* Frameworks */ = {
			isa = PBXFrameworksBuildPhase;
			buildActionMask = 2147483647;
			files = (
				F86AFCDCAE6170E25A10CEA8 /* libPods-JSONParsing.a in Frameworks */,
			);
			runOnlyForDeploymentPostprocessing = 0;
		};
/* End PBXFrameworksBuildPhase section */

/* Begin PBXGroup section */
		6D4E9FB32504F33E00512BF5 = {
			isa = PBXGroup;
			children = (
				6D4E9FBE2504F33E00512BF5 /* JSONParsing */,
				6D4E9FBD2504F33E00512BF5 /* Products */,
				7F157165D4E222EA269FD74E /* Pods */,
				E791978EBBBC93A0781CE0A2 /* Frameworks */,
			);
			sourceTree = "<group>";
		};
		6D4E9FBD2504F33E00512BF5 /* Products */ = {
			isa = PBXGroup;
			children = (
				6D4E9FBC2504F33E00512BF5 /* JSONParsing.app */,
			);
			name = Products;
			sourceTree = "<group>";
		};
		6D4E9FBE2504F33E00512BF5 /* JSONParsing */ = {
			isa = PBXGroup;
			children = (
				6D4E9FBF2504F33E00512BF5 /* AppDelegate.h */,
				6D4E9FC02504F33E00512BF5 /* AppDelegate.m */,
				6D4E9FC22504F33E00512BF5 /* SceneDelegate.h */,
				6D4E9FC32504F33E00512BF5 /* SceneDelegate.m */,
				6D4E9FC82504F33E00512BF5 /* Main.storyboard */,
				6D4E9FCB2504F3E300512BF5 /* Assets.xcassets */,
				6D4E9FCD2504F3E300512BF5 /* LaunchScreen.storyboard */,
				6D4E9FD02504F3E300512BF5 /* Info.plist */,
				6D4E9FD12504F3E300512BF5 /* main.m */,
				6D5CB520250511270070F24E /* MoviesTableViewController.h */,
				6D5CB521250511270070F24E /* MoviesTableViewController.m */,
			);
			path = JSONParsing;
			sourceTree = "<group>";
		};
		7F157165D4E222EA269FD74E /* Pods */ = {
			isa = PBXGroup;
			children = (
				3173293EDDF675CBF57BFA17 /* Pods-JSONParsing.debug.xcconfig */,
				56A1100F605B6D08954B15BC /* Pods-JSONParsing.release.xcconfig */,
			);
			path = Pods;
			sourceTree = "<group>";
		};
		E791978EBBBC93A0781CE0A2 /* Frameworks */ = {
			isa = PBXGroup;
			children = (
				D8CF14ED97AC7E8325F87D35 /* libPods-JSONParsing.a */,
			);
			name = Frameworks;
			sourceTree = "<group>";
		};
/* End PBXGroup section */

/* Begin PBXNativeTarget section */
		6D4E9FBB2504F33E00512BF5 /* JSONParsing */ = {
			isa = PBXNativeTarget;
			buildConfigurationList = 6D4E9FD52504F3E300512BF5 /* Build configuration list for PBXNativeTarget "JSONParsing" */;
			buildPhases = (
				6DED5A0D136C9896225A4947 /* [CP] Check Pods Manifest.lock */,
				6D4E9FB82504F33E00512BF5 /* Sources */,
				6D4E9FB92504F33E00512BF5 /* Frameworks */,
				6D4E9FBA2504F33E00512BF5 /* Resources */,
			);
			buildRules = (
			);
			dependencies = (
			);
			name = JSONParsing;
			productName = JSONParsing;
			productReference = 6D4E9FBC2504F33E00512BF5 /* JSONParsing.app */;
			productType = "com.apple.product-type.application";
		};
/* End PBXNativeTarget section */

/* Begin PBXProject section */
		6D4E9FB42504F33E00512BF5 /* Project object */ = {
			isa = PBXProject;
			attributes = {
				LastUpgradeCheck = 1160;
				ORGANIZATIONNAME = MORIO;
				TargetAttributes = {
					6D4E9FBB2504F33E00512BF5 = {
						CreatedOnToolsVersion = 11.6;
					};
				};
			};
			buildConfigurationList = 6D4E9FB72504F33E00512BF5 /* Build configuration list for PBXProject "JSONParsing" */;
			compatibilityVersion = "Xcode 9.3";
			developmentRegion = en;
			hasScannedForEncodings = 0;
			knownRegions = (
				en,
				Base,
			);
			mainGroup = 6D4E9FB32504F33E00512BF5;
			productRefGroup = 6D4E9FBD2504F33E00512BF5 /* Products */;
			projectDirPath = "";
			projectRoot = "";
			targets = (
				6D4E9FBB2504F33E00512BF5 /* JSONParsing */,
			);
		};
/* End PBXProject section */

/* Begin PBXResourcesBuildPhase section */
		6D4E9FBA2504F33E00512BF5 /* Resources */ = {
			isa = PBXResourcesBuildPhase;
			buildActionMask = 2147483647;
			files = (
				6D4E9FCF2504F3E300512BF5 /* LaunchScreen.storyboard in Resources */,
				6D4E9FCC2504F3E300512BF5 /* Assets.xcassets in Resources */,
				6D4E9FCA2504F33E00512BF5 /* Main.storyboard in Resources */,
			);
			runOnlyForDeploymentPostprocessing = 0;
		};
/* End PBXResourcesBuildPhase section */

/* Begin PBXShellScriptBuildPhase section */
		6DED5A0D136C9896225A4947 /* [CP] Check Pods Manifest.lock */ = {
			isa = PBXShellScriptBuildPhase;
			buildActionMask = 2147483647;
			files = (
			);
			inputFileListPaths = (
			);
			inputPaths = (
				"${PODS_PODFILE_DIR_PATH}/Podfile.lock",
				"${PODS_ROOT}/Manifest.lock",
			);
			name = "[CP] Check Pods Manifest.lock";
			outputFileListPaths = (
			);
			outputPaths = (
				"$(DERIVED_FILE_DIR)/Pods-JSONParsing-checkManifestLockResult.txt",
			);
			runOnlyForDeploymentPostprocessing = 0;
			shellPath = /bin/sh;
			shellScript = "diff \"${PODS_PODFILE_DIR_PATH}/Podfile.lock\" \"${PODS_ROOT}/Manifest.lock\" > /dev/null\nif [ $? != 0 ] ; then\n    # print error to STDERR\n    echo \"error: The sandbox is not in sync with the Podfile.lock. Run 'pod install' or update your CocoaPods installation.\" >&2\n    exit 1\nfi\n# This output is used by Xcode 'outputs' to avoid re-running this script phase.\necho \"SUCCESS\" > \"${SCRIPT_OUTPUT_FILE_0}\"\n";
			showEnvVarsInLog = 0;
		};
/* End PBXShellScriptBuildPhase section */

/* Begin PBXSourcesBuildPhase section */
		6D4E9FB82504F33E00512BF5 /* Sources */ = {
			isa = PBXSourcesBuildPhase;
			buildActionMask = 2147483647;
			files = (
				6D4E9FC12504F33E00512BF5 /* AppDelegate.m in Sources */,
				6D4E9FD22504F3E300512BF5 /* main.m in Sources */,
				6D4E9FC42504F33E00512BF5 /* SceneDelegate.m in Sources */,
				6D5CB522250511270070F24E /* MoviesTableViewController.m in Sources */,
			);
			runOnlyForDeploymentPostprocessing = 0;
		};
/* End PBXSourcesBuildPhase section */

/* Begin PBXVariantGroup section */
		6D4E9FC82504F33E00512BF5 /* Main.storyboard */ = {
			isa = PBXVariantGroup;
			children = (
				6D4E9FC92504F33E00512BF5 /* Base */,
			);
			name = Main.storyboard;
			sourceTree = "<group>";
		};
		6D4E9FCD2504F3E300512BF5 /* LaunchScreen.storyboard */ = {
			isa = PBXVariantGroup;
			children = (
				6D4E9FCE2504F3E300512BF5 /* Base */,
			);
			name = LaunchScreen.storyboard;
			sourceTree = "<group>";
		};
/* End PBXVariantGroup section */

/* Begin XCBuildConfiguration section */
		6D4E9FD32504F3E300512BF5 /* Debug */ = {
			isa = XCBuildConfiguration;
			buildSettings = {
				ALWAYS_SEARCH_USER_PATHS = NO;
				CLANG_ANALYZER_NONNULL = YES;
				CLANG_ANALYZER_NUMBER_OBJECT_CONVERSION = YES_AGGRESSIVE;
				CLANG_CXX_LANGUAGE_STANDARD = "gnu++14";
				CLANG_CXX_LIBRARY = "libc++";
				CLANG_ENABLE_MODULES = YES;
				CLANG_ENABLE_OBJC_ARC = YES;
				CLANG_ENABLE_OBJC_WEAK = YES;
				CLANG_WARN_BLOCK_CAPTURE_AUTORELEASING = YES;
				CLANG_WARN_BOOL_CONVERSION = YES;
				CLANG_WARN_COMMA = YES;
				CLANG_WARN_CONSTANT_CONVERSION = YES;
				CLANG_WARN_DEPRECATED_OBJC_IMPLEMENTATIONS = YES;
				CLANG_WARN_DIRECT_OBJC_ISA_USAGE = YES_ERROR;
				CLANG_WARN_DOCUMENTATION_COMMENTS = YES;
				CLANG_WARN_EMPTY_BODY = YES;
				CLANG_WARN_ENUM_CONVERSION = YES;
				CLANG_WARN_INFINITE_RECURSION = YES;
				CLANG_WARN_INT_CONVERSION = YES;
				CLANG_WARN_NON_LITERAL_NULL_CONVERSION = YES;
				CLANG_WARN_OBJC_IMPLICIT_RETAIN_SELF = YES;
				CLANG_WARN_OBJC_LITERAL_CONVERSION = YES;
				CLANG_WARN_OBJC_ROOT_CLASS = YES_ERROR;
				CLANG_WARN_RANGE_LOOP_ANALYSIS = YES;
				CLANG_WARN_STRICT_PROTOTYPES = YES;
				CLANG_WARN_SUSPICIOUS_MOVE = YES;
				CLANG_WARN_UNGUARDED_AVAILABILITY = YES_AGGRESSIVE;
				CLANG_WARN_UNREACHABLE_CODE = YES;
				CLANG_WARN__DUPLICATE_METHOD_MATCH = YES;
				COPY_PHASE_STRIP = NO;
				DEBUG_INFORMATION_FORMAT = dwarf;
				ENABLE_STRICT_OBJC_MSGSEND = YES;
				ENABLE_TESTABILITY = YES;
				GCC_C_LANGUAGE_STANDARD = gnu11;
				GCC_DYNAMIC_NO_PIC = NO;
				GCC_NO_COMMON_BLOCKS = YES;
				GCC_OPTIMIZATION_LEVEL = 0;
				GCC_PREPROCESSOR_DEFINITIONS = (
					"DEBUG=1",
					"$(inherited)",
				);
				GCC_WARN_64_TO_32_BIT_CONVERSION = YES;
				GCC_WARN_ABOUT_RETURN_TYPE = YES_ERROR;
				GCC_WARN_UNDECLARED_SELECTOR = YES;
				GCC_WARN_UNINITIALIZED_AUTOS = YES_AGGRESSIVE;
				GCC_WARN_UNUSED_FUNCTION = YES;
				GCC_WARN_UNUSED_VARIABLE = YES;
				IPHONEOS_DEPLOYMENT_TARGET = 13.6;
				MTL_ENABLE_DEBUG_INFO = INCLUDE_SOURCE;
				MTL_FAST_MATH = YES;
				ONLY_ACTIVE_ARCH = YES;
				SDKROOT = iphoneos;
			};
			name = Debug;
		};
		6D4E9FD42504F3E300512BF5 /* Release */ = {
			isa = XCBuildConfiguration;
			buildSettings = {
				ALWAYS_SEARCH_USER_PATHS = NO;
				CLANG_ANALYZER_NONNULL = YES;
				CLANG_ANALYZER_NUMBER_OBJECT_CONVERSION = YES_AGGRESSIVE;
				CLANG_CXX_LANGUAGE_STANDARD = "gnu++14";
				CLANG_CXX_LIBRARY = "libc++";
				CLANG_ENABLE_MODULES = YES;
				CLANG_ENABLE_OBJC_ARC = YES;
				CLANG_ENABLE_OBJC_WEAK = YES;
				CLANG_WARN_BLOCK_CAPTURE_AUTORELEASING = YES;
				CLANG_WARN_BOOL_CONVERSION = YES;
				CLANG_WARN_COMMA = YES;
				CLANG_WARN_CONSTANT_CONVERSION = YES;
				CLANG_WARN_DEPRECATED_OBJC_IMPLEMENTATIONS = YES;
				CLANG_WARN_DIRECT_OBJC_ISA_USAGE = YES_ERROR;
				CLANG_WARN_DOCUMENTATION_COMMENTS = YES;
				CLANG_WARN_EMPTY_BODY = YES;
				CLANG_WARN_ENUM_CONVERSION = YES;
				CLANG_WARN_INFINITE_RECURSION = YES;
				CLANG_WARN_INT_CONVERSION = YES;
				CLANG_WARN_NON_LITERAL_NULL_CONVERSION = YES;
				CLANG_WARN_OBJC_IMPLICIT_RETAIN_SELF = YES;
				CLANG_WARN_OBJC_LITERAL_CONVERSION = YES;
				CLANG_WARN_OBJC_ROOT_CLASS = YES_ERROR;
				CLANG_WARN_RANGE_LOOP_ANALYSIS = YES;
				CLANG_WARN_STRICT_PROTOTYPES = YES;
				CLANG_WARN_SUSPICIOUS_MOVE = YES;
				CLANG_WARN_UNGUARDED_AVAILABILITY = YES_AGGRESSIVE;
				CLANG_WARN_UNREACHABLE_CODE = YES;
				CLANG_WARN__DUPLICATE_METHOD_MATCH = YES;
				COPY_PHASE_STRIP = NO;
				DEBUG_INFORMATION_FORMAT = "dwarf-with-dsym";
				ENABLE_NS_ASSERTIONS = NO;
				ENABLE_STRICT_OBJC_MSGSEND = YES;
				GCC_C_LANGUAGE_STANDARD = gnu11;
				GCC_NO_COMMON_BLOCKS = YES;
				GCC_WARN_64_TO_32_BIT_CONVERSION = YES;
				GCC_WARN_ABOUT_RETURN_TYPE = YES_ERROR;
				GCC_WARN_UNDECLARED_SELECTOR = YES;
				GCC_WARN_UNINITIALIZED_AUTOS = YES_AGGRESSIVE;
				GCC_WARN_UNUSED_FUNCTION = YES;
				GCC_WARN_UNUSED_VARIABLE = YES;
				IPHONEOS_DEPLOYMENT_TARGET = 13.6;
				MTL_ENABLE_DEBUG_INFO = NO;
				MTL_FAST_MATH = YES;
				SDKROOT = iphoneos;
				VALIDATE_PRODUCT = YES;
			};
			name = Release;
		};
		6D4E9FD62504F3E300512BF5 /* Debug */ = {
			isa = XCBuildConfiguration;
			baseConfigurationReference = 3173293EDDF675CBF57BFA17 /* Pods-JSONParsing.debug.xcconfig */;
			buildSettings = {
				ASSETCATALOG_COMPILER_APPICON_NAME = AppIcon;
				CODE_SIGN_STYLE = Automatic;
				INFOPLIST_FILE = JSONParsing/Info.plist;
				LD_RUNPATH_SEARCH_PATHS = (
					"$(inherited)",
					"@executable_path/Frameworks",
				);
				PRODUCT_BUNDLE_IDENTIFIER = ITI.JSONParsing;
				PRODUCT_NAME = "$(TARGET_NAME)";
				TARGETED_DEVICE_FAMILY = "1,2";
			};
			name = Debug;
		};
		6D4E9FD72504F3E300512BF5 /* Release */ = {
			isa = XCBuildConfiguration;
			baseConfigurationReference = 56A1100F605B6D08954B15BC /* Pods-JSONParsing.release.xcconfig */;
			buildSettings = {
				ASSETCATALOG_COMPILER_APPICON_NAME = AppIcon;
				CODE_SIGN_STYLE = Automatic;
				INFOPLIST_FILE = JSONParsing/Info.plist;
				LD_RUNPATH_SEARCH_PATHS = (
					"$(inherited)",
					"@executable_path/Frameworks",
				);
				PRODUCT_BUNDLE_IDENTIFIER = ITI.JSONParsing;
				PRODUCT_NAME = "$(TARGET_NAME)";
				TARGETED_DEVICE_FAMILY = "1,2";
			};
			name = Release;
		};
/* End XCBuildConfiguration section */

/* Begin XCConfigurationList section */
		6D4E9FB72504F33E00512BF5 /* Build configuration list for PBXProject "JSONParsing" */ = {
			isa = XCConfigurationList;
			buildConfigurations = (
				6D4E9FD32504F3E300512BF5 /* Debug */,
				6D4E9FD42504F3E300512BF5 /* Release */,
			);
			defaultConfigurationIsVisible = 0;
			defaultConfigurationName = Release;
		};
		6D4E9FD52504F3E300512BF5 /* Build configuration list for PBXNativeTarget "JSONParsing" */ = {
			isa = XCConfigurationList;
			buildConfigurations = (
				6D4E9FD62504F3E300512BF5 /* Debug */,
				6D4E9FD72504F3E300512BF5 /* Release */,
			);
			defaultConfigurationIsVisible = 0;
			defaultConfigurationName = Release;
		};
/* End XCConfigurationList section */
	};
	rootObject = 6D4E9FB42504F33E00512BF5 /* Project object */;
}
